
Microsoft Visual Studio Solution File, Format Version 12.00
# Visual Studio Version 17
VisualStudioVersion = 17.2.32616.157
MinimumVisualStudioVersion = 10.0.40219.1
Project("{FAE04EC0-301F-11D3-BF4B-00C04F79EFBC}") = "AppClimaAPIRest.Android", "AppClimaAPIRest\AppClimaAPIRest.Android\AppClimaAPIRest.Android.csproj", "{09F654E8-1114-46C6-ABE9-B4FDA6A589D5}"
EndProject
Project("{FAE04EC0-301F-11D3-BF4B-00C04F79EFBC}") = "AppClimaAPIRest", "AppClimaAPIRest\AppClimaAPIRest\AppClimaAPIRest.csproj", "{718CAC1C-7780-4CB9-A966-500D752928E5}"
EndProject
Global
	GlobalSection(SolutionConfigurationPlatforms) = preSolution
		Debug|Any CPU = Debug|Any CPU
		Release|Any CPU = Release|Any CPU
	EndGlobalSection
	GlobalSection(ProjectConfigurationPlatforms) = postSolution
		{09F654E8-1114-46C6-ABE9-B4FDA6A589D5}.Debug|Any CPU.ActiveCfg = Debug|Any CPU
		{09F654E8-1114-46C6-ABE9-B4FDA6A589D5}.Debug|Any CPU.Build.0 = Debug|Any CPU
		{09F654E8-1114-46C6-ABE9-B4FDA6A589D5}.Debug|Any CPU.Deploy.0 = Debug|Any CPU
		{09F654E8-1114-46C6-ABE9-B4FDA6A589D5}.Release|Any CPU.ActiveCfg = Release|Any CPU
		{09F654E8-1114-46C6-ABE9-B4FDA6A589D5}.Release|Any CPU.Build.0 = Release|Any CPU
		{09F654E8-1114-46C6-ABE9-B4FDA6A589D5}.Release|Any CPU.Deploy.0 = Release|Any CPU
		{718CAC1C-7780-4CB9-A966-500D752928E5}.Debug|Any CPU.ActiveCfg = Debug|Any CPU
		{718CAC1C-7780-4CB9-A966-500D752928E5}.Debug|Any CPU.Build.0 = Debug|Any CPU
		{718CAC1C-7780-4CB9-A966-500D752928E5}.Debug|Any CPU.Deploy.0 = Debug|Any CPU
		{718CAC1C-7780-4CB9-A966-500D752928E5}.Release|Any CPU.ActiveCfg = Release|Any CPU
		{718CAC1C-7780-4CB9-A966-500D752928E5}.Release|Any CPU.Build.0 = Release|Any CPU
		{718CAC1C-7780-4CB9-A966-500D752928E5}.Release|Any CPU.Deploy.0 = Release|Any CPU
	EndGlobalSection
	GlobalSection(SolutionProperties) = preSolution
		HideSolutionNode = FALSE
	EndGlobalSection
	GlobalSection(ExtensibilityGlobals) = postSolution
		SolutionGuid = {414EB052-9410-46A5-8AEA-94EC0C7D2D4D}
	EndGlobalSection
EndGlobal
